
Microsoft Visual Studio Solution File, Format Version 12.00
# Visual Studio Version 16
VisualStudioVersion = 16.0.31613.86
MinimumVisualStudioVersion = 10.0.40219.1
Project("{FAE04EC0-301F-11D3-BF4B-00C04F79EFBC}") = "ejercicio3", "ejercicio3\ejercicio3.csproj", "{29466D1B-575F-4C0B-94F3-45F6EE34E1EA}"
EndProject
Global
	GlobalSection(SolutionConfigurationPlatforms) = preSolution
		Debug|Any CPU = Debug|Any CPU
		Release|Any CPU = Release|Any CPU
	EndGlobalSection
	GlobalSection(ProjectConfigurationPlatforms) = postSolution
		{29466D1B-575F-4C0B-94F3-45F6EE34E1EA}.Debug|Any CPU.ActiveCfg = Debug|Any CPU
		{29466D1B-575F-4C0B-94F3-45F6EE34E1EA}.Debug|Any CPU.Build.0 = Debug|Any CPU
		{29466D1B-575F-4C0B-94F3-45F6EE34E1EA}.Release|Any CPU.ActiveCfg = Release|Any CPU
		{29466D1B-575F-4C0B-94F3-45F6EE34E1EA}.Release|Any CPU.Build.0 = Release|Any CPU
	EndGlobalSection
	GlobalSection(SolutionProperties) = preSolution
		HideSolutionNode = FALSE
	EndGlobalSection
	GlobalSection(ExtensibilityGlobals) = postSolution
		SolutionGuid = {6422E476-54EE-451B-BF79-400A40C024C1}
	EndGlobalSection
EndGlobal
